# This file is autogenerated, do not edit; changes may be undone by the next 'dep ensure'.


[[projects]]
  name = "github.com/aerospike/aerospike-client-go"
  packages = [
    ".",
    "internal/lua",
    "internal/lua/resources",
    "logger",
    "pkg/bcrypt",
    "pkg/ripemd160",
    "types",
    "types/atomic",
    "types/particle_type",
    "types/rand",
    "utils/buffer"
  ]
  revision = "25d1a6234f8e72ffbb07b7f1063d20227a2fe60c"
  version = "v1.31.0"

[[projects]]
  branch = "master"
  name = "github.com/bluele/gcache"
  packages = ["."]
  revision = "472614239ac7e5bc6461e237c798a6ebd5aff8c1"

[[projects]]
  name = "github.com/cloudflare/golz4"
  packages = ["."]
  revision = "27f83594ae3e85936dd5c444ddd615632abbbbfb"
  source = "github.com/jmoiron/golz4"

[[projects]]
  branch = "master"
  name = "github.com/yuin/gopher-lua"
  packages = [
    ".",
    "ast",
    "parse",
    "pm"
  ]
  revision = "478861c8ce6e8c2f16d5984d5ed30c4327c70437"

[solve-meta]
  analyzer-name = "dep"
  analyzer-version = 1
  inputs-digest = "fa6bcd20de0d56fc274fecafbbb71f2a35964a2e4cd34a611d61ba0eefbbbf14"
  solver-name = "gps-cdcl"
  solver-version = 1
